{
  "name": "http-module",
  "version": "1.0.0",
  "lockfileVersion": 3,
  "requires": true,
  "packages": {
    "": {
      "name": "http-module",
      "version": "1.0.0",
      "license": "ISC",
      "dependencies": {
        "timers": "^0.1.1"
      },
      "bin": {
        "run": "src/index.mjs"
      }
    },
    "node_modules/timers": {
      "version": "0.1.1",
      "resolved": "https://registry.npmjs.org/timers/-/timers-0.1.1.tgz",
      "integrity": "sha512-pkJC8uIP/gxDHxNQUBUbjHyl6oZfT+ofn7tbaHW+CFIUjI+Q2MBbHcx1JSBQfhDaTcO9bNg328q0i7Vk5PismQ=="
    }
  }
}
